
Microsoft Visual Studio Solution File, Format Version 12.00
# Visual Studio Version 17
VisualStudioVersion = 17.5.33627.172
MinimumVisualStudioVersion = 10.0.40219.1
Project("{FAE04EC0-301F-11D3-BF4B-00C04F79EFBC}") = "DataTriggerButtonImage", "DataTriggerButtonImage\DataTriggerButtonImage.csproj", "{F5180B83-C2D2-4FBE-A65E-E02FA5D2994A}"
EndProject
Global
	GlobalSection(SolutionConfigurationPlatforms) = preSolution
		Debug|Any CPU = Debug|Any CPU
		Release|Any CPU = Release|Any CPU
	EndGlobalSection
	GlobalSection(ProjectConfigurationPlatforms) = postSolution
		{F5180B83-C2D2-4FBE-A65E-E02FA5D2994A}.Debug|Any CPU.ActiveCfg = Debug|Any CPU
		{F5180B83-C2D2-4FBE-A65E-E02FA5D2994A}.Debug|Any CPU.Build.0 = Debug|Any CPU
		{F5180B83-C2D2-4FBE-A65E-E02FA5D2994A}.Release|Any CPU.ActiveCfg = Release|Any CPU
		{F5180B83-C2D2-4FBE-A65E-E02FA5D2994A}.Release|Any CPU.Build.0 = Release|Any CPU
	EndGlobalSection
	GlobalSection(SolutionProperties) = preSolution
		HideSolutionNode = FALSE
	EndGlobalSection
	GlobalSection(ExtensibilityGlobals) = postSolution
		SolutionGuid = {A4B643EA-19D2-48F5-A8DC-32F54B00D456}
	EndGlobalSection
EndGlobal
